{
  "name": "decantr-docs",
  "version": "0.0.0",
  "lockfileVersion": 3,
  "requires": true,
  "packages": {
    "": {
      "name": "decantr-docs",
      "version": "0.0.0",
      "dependencies": {
        "decantr": "file:.."
      }
    },
    "..": {
      "version": "0.2.0",
      "license": "MIT",
      "bin": {
        "decantr": "cli/index.js"
      },
      "engines": {
        "node": ">=22.0.0"
      }
    },
    "node_modules/decantr": {
      "resolved": "..",
      "link": true
    }
  }
}
